
Microsoft Visual Studio Solution File, Format Version 12.00
# Visual Studio 15
VisualStudioVersion = 15.0.26730.15
MinimumVisualStudioVersion = 10.0.40219.1
Project("{FAE04EC0-301F-11D3-BF4B-00C04F79EFBC}") = "ProvPersonalSite.CSOM", "ProvPersonalSite.CSOM\ProvPersonalSite.CSOM.csproj", "{77C6F29C-736B-48DB-B49C-89553C222EF9}"
EndProject
Project("{FAE04EC0-301F-11D3-BF4B-00C04F79EFBC}") = "ProvPersonalSite.ADAL.CSOM", "ProvPersonalSite.ADAL.CSOM\ProvPersonalSite.ADAL.CSOM.csproj", "{26AB56CD-FA25-4ED7-AD51-0D79484B1FAF}"
EndProject
Global
	GlobalSection(SolutionConfigurationPlatforms) = preSolution
		Debug|Any CPU = Debug|Any CPU
		Release|Any CPU = Release|Any CPU
	EndGlobalSection
	GlobalSection(ProjectConfigurationPlatforms) = postSolution
		{77C6F29C-736B-48DB-B49C-89553C222EF9}.Debug|Any CPU.ActiveCfg = Debug|Any CPU
		{77C6F29C-736B-48DB-B49C-89553C222EF9}.Debug|Any CPU.Build.0 = Debug|Any CPU
		{77C6F29C-736B-48DB-B49C-89553C222EF9}.Release|Any CPU.ActiveCfg = Release|Any CPU
		{77C6F29C-736B-48DB-B49C-89553C222EF9}.Release|Any CPU.Build.0 = Release|Any CPU
		{26AB56CD-FA25-4ED7-AD51-0D79484B1FAF}.Debug|Any CPU.ActiveCfg = Debug|Any CPU
		{26AB56CD-FA25-4ED7-AD51-0D79484B1FAF}.Debug|Any CPU.Build.0 = Debug|Any CPU
		{26AB56CD-FA25-4ED7-AD51-0D79484B1FAF}.Release|Any CPU.ActiveCfg = Release|Any CPU
		{26AB56CD-FA25-4ED7-AD51-0D79484B1FAF}.Release|Any CPU.Build.0 = Release|Any CPU
	EndGlobalSection
	GlobalSection(SolutionProperties) = preSolution
		HideSolutionNode = FALSE
	EndGlobalSection
	GlobalSection(ExtensibilityGlobals) = postSolution
		SolutionGuid = {41F12853-BC3D-4363-AF8F-1F9AE6335201}
	EndGlobalSection
EndGlobal
